
Microsoft Visual Studio Solution File, Format Version 12.00
# Visual Studio Version 16
VisualStudioVersion = 16.0.31025.194
MinimumVisualStudioVersion = 10.0.40219.1
Project("{FAE04EC0-301F-11D3-BF4B-00C04F79EFBC}") = "PluralSightOOP", "PluralSightOOP\PluralSightOOP.csproj", "{BA749D52-EA35-494B-A8B6-92F3142172EE}"
EndProject
Global
	GlobalSection(SolutionConfigurationPlatforms) = preSolution
		Debug|Any CPU = Debug|Any CPU
		Release|Any CPU = Release|Any CPU
	EndGlobalSection
	GlobalSection(ProjectConfigurationPlatforms) = postSolution
		{BA749D52-EA35-494B-A8B6-92F3142172EE}.Debug|Any CPU.ActiveCfg = Debug|Any CPU
		{BA749D52-EA35-494B-A8B6-92F3142172EE}.Debug|Any CPU.Build.0 = Debug|Any CPU
		{BA749D52-EA35-494B-A8B6-92F3142172EE}.Release|Any CPU.ActiveCfg = Release|Any CPU
		{BA749D52-EA35-494B-A8B6-92F3142172EE}.Release|Any CPU.Build.0 = Release|Any CPU
	EndGlobalSection
	GlobalSection(SolutionProperties) = preSolution
		HideSolutionNode = FALSE
	EndGlobalSection
	GlobalSection(ExtensibilityGlobals) = postSolution
		SolutionGuid = {A97E76F0-33E7-4A5F-BEE4-ED0E18D94683}
	EndGlobalSection
EndGlobal
